
Microsoft Visual Studio Solution File, Format Version 12.00
# Visual Studio 15
VisualStudioVersion = 15.0.26127.3
MinimumVisualStudioVersion = 10.0.40219.1
Project("{9A19103F-16F7-4668-BE54-9A1E7A4F7556}") = "TF2OutpostAPI", "TF2OutpostAPI\TF2OutpostAPI.csproj", "{AB2665A7-1C64-455F-968B-E9075C7DDF69}"
EndProject
Project("{9A19103F-16F7-4668-BE54-9A1E7A4F7556}") = "Console", "Console\Console.csproj", "{8D392E32-61DD-4348-ADDD-CCF3FC9D8593}"
EndProject
Global
	GlobalSection(SolutionConfigurationPlatforms) = preSolution
		Debug|Any CPU = Debug|Any CPU
		Release|Any CPU = Release|Any CPU
	EndGlobalSection
	GlobalSection(ProjectConfigurationPlatforms) = postSolution
		{AB2665A7-1C64-455F-968B-E9075C7DDF69}.Debug|Any CPU.ActiveCfg = Debug|Any CPU
		{AB2665A7-1C64-455F-968B-E9075C7DDF69}.Debug|Any CPU.Build.0 = Debug|Any CPU
		{AB2665A7-1C64-455F-968B-E9075C7DDF69}.Release|Any CPU.ActiveCfg = Release|Any CPU
		{AB2665A7-1C64-455F-968B-E9075C7DDF69}.Release|Any CPU.Build.0 = Release|Any CPU
		{8D392E32-61DD-4348-ADDD-CCF3FC9D8593}.Debug|Any CPU.ActiveCfg = Debug|Any CPU
		{8D392E32-61DD-4348-ADDD-CCF3FC9D8593}.Debug|Any CPU.Build.0 = Debug|Any CPU
		{8D392E32-61DD-4348-ADDD-CCF3FC9D8593}.Release|Any CPU.ActiveCfg = Release|Any CPU
		{8D392E32-61DD-4348-ADDD-CCF3FC9D8593}.Release|Any CPU.Build.0 = Release|Any CPU
	EndGlobalSection
	GlobalSection(SolutionProperties) = preSolution
		HideSolutionNode = FALSE
	EndGlobalSection
EndGlobal
